github.com/bahlo/generic-list-go v0.2.0 h1:eOoLSoNnQxXXO7va23wf6QV9CmnwKVjVK8t8CT+B9iQ=
github.com/bahlo/generic-list-go v0.2.0/go.mod h1:2+k9qwVWbnMi+JYzo7mo2exV7ZNq0dAnwedO1Q3ktR4=
github.com/buger/jsonparser v1.1.1 h1:2PnMjfWD7wBILjqQbt530v576A/cAbQvEW9gGIpYMUs=
github.com/buger/jsonparser v1.1.1/go.mod h1:6RYKKt7H4d4+iWqouImQ9R2FZql3VbhNgx27UK13J/0=
github.com/davecgh/go-spew v1.1.1 h1:vj9zOUQwsTC3VrvtUNCSY2bEM2cQvSc9++3+wYw5h7E=
github.com/davecgh/go-spew v1.1.1/go.mod h1:J7Y8YcW2NihsgmVo/mv3DunM8R2AnzKL2Uia3wTN7Pw=
github.com/djherbis/times v1.6.0 h1:s7ovjk7zwapbajZ3H2A04ewV8KPIQYRMsol5Aq6j614=
github.com/djherbis/times v1.6.0/go.mod h1:6gCZLOeR8CASUM6ebOSwrS1JtWey/kqid+khub4qqT4=
github.com/frankban/quicktest v1.14.6 h1:7Xjx+VpvrRpVIwm3hAb3KX8k8IcdOo7EMuR/sk7fnCE=
github.com/frankban/quicktest v1.14.6/go.mod h1:4ptaffx2x8+uljdwmGHd81uGpm9s5+s7XN7vjqDktaY=
github.com/gabriel-vasile/mimetype v1.4.9 h1:ibHel+/kbxn9k8eqdOMNFSu1n6CIkWNgob4wAHZl/7Y=
github.com/gabriel-vasile/mimetype v1.4.9/go.mod h1:iITX8dwg6wuz/BByKqQUAdnMxXS4QijfNuZuVtza6JA=
github.com/gobwas/glob v0.2.3 h1:A4xMi+7ZhAbXL2YHEENJwJgMjBmz3JU2zsDklsc3xRg=
github.com/gobwas/glob v0.2.3/go.mod h1:d3F3NQhL/m6Dw1ZetaY0TjVUCcIFuQpKC4mDys0zXps=
github.com/google/go-cmp v0.5.9 h1:O2Tfq5qg0I61WZ8LIiXB/rbPiaS7Ltq7KwcSRw+o98g=
github.com/google/go-cmp v0.5.9/go.mod h1:17dUlkBOakJ0+DkrSSNjCkIjxS6bF9zb3elmeNGIjoY=
github.com/google/uuid v1.6.0 h1:Gn1JEpZlSuRrxb5F1GRa75vML/VN5VQbtBbZ/t3mxp0=
github.com/google/uuid v1.6.0/go.mod h1:TIyPZe4MgqvfeYDBFedMoGGpB/gQLlxksCH4B3pZf+8=
github.com/invopop/jsonschema v0.13.0 h1:pb3Z0n54KxFEIJkdHSXjIRxTeY5u5v2n4aN6uJ6u9Qk=
github.com/invopop/jsonschema v0.13.0/go.mod h1:ffZ5Km5SWWRAIN6wbDXItl95euhfVN4d7r2jEEnuzoM=
github.com/mailru/easyjson v0.7.7 h1:UGYAvKxe3sBsEDzO8ZeWOSlIQfWFlxbzLZe7hwFUXm8=
github.com/mailru/easyjson v0.7.7/go.mod h1:xzfreul335JAWq5oZzymOObrkdz5UnU4kGfJJLY9Nlc=
github.com/mark3labs/mcp-filesystem-server v0.11.1 h1:LjWnHeJutgLJRX0YOsEdfyZzMVlWKNnHTgHrMqZYpLw=
github.com/mark3labs/mcp-filesystem-server v0.11.1/go.mod h1:J093jqf9vFOk7h4wUNoOu+NpG15IHocShGglV5gI2Aw=
github.com/mark3labs/mcp-go v0.43.1 h1:fwV0pajYcbJqG70oCYfRns4h1vzjHnRRFpB/m0KWAXI=
github.com/mark3labs/mcp-go v0.43.1/go.mod h1:TwHeCtyeZ1ZsjiAXQXjpcTAb6J2K1ulT+JjoQgveKlc=
github.com/pmezard/go-difflib v1.0.0 h1:4DBwDE0NGyJRrcy+LPpBjqfBTNO0s3Qm6Cs7dRZ8v/I=
github.com/pmezard/go-difflib v1.0.0/go.mod h1:iKH77koFhb9F5JwZb0YgrkCmj1uKkQPyT4c3fj9vdL8=
github.com/rogpeppe/go-internal v1.9.0 h1:2DgKrS4yRUJnTIH8brL1QwpPYEJlJ7Ksajcpzy1BIQc=
github.com/rogpeppe/go-internal v1.9.0/go.mod h1:wAm5GXosCQJ1wxJ2VuhrfNfqb+NkdqdD0r8m1rNOKz8=
github.com/spf13/cast v1.7.1 h1:7wKVwXgWFo9pFyiTk0EhcSlaDuntRnI0sR9cr0Rkuh4=
github.com/spf13/cast v1.7.1/go.mod h1:yc4HzKk9J3vpBfh+ptxGIerG4ic0C0z4SfrL1sq75NQ=
github.com/stretchr/testify v1.10.0 h1:jKcWEUkjL7yVFWJmwqAbkE53tdP3WKFT8spprXsrvNc=
github.com/stretchr/testify v1.10.0/go.mod h1:3xNbCj1NEKPzm7Jxv3u5+loNdgAShGLcpcTI0cdBFA4=
github.com/wk8/go-ordered-map/v2 v2.1.8 h1:5gJmb32twK7hYGR0snUXb0TvjeI+cWnbBwaHpyo7eOw=
github.com/wk8/go-ordered-map/v2 v2.1.8/go.mod h1:B59a+DZ4KErnkn4hfq0Dl4I0SAb/ABnJ+GqEvNOsw0g=
github.com/yosida95/uritemplate/v3 v3.0.2 h1:Ed3Oyj9yrmi9087+NczuL5BwkIc4wvTb5zIM+UJPGz4=
github.com/yosida95/uritemplate/v3 v3.0.2/go.mod h1:ILOh0sLpH1lLN2oDJv9HHkIZ78eQDGmaO2VfaNwuBI4=
golang.org/x/net v0.39.0 h1:gjrn/v3ktlEoEM7YJkhGTQu2HgFsMX2NbcAXG1b4Y7o=
golang.org/x/net v0.39.0/go.mod h1:g6Z8XseJ7U8orEuroENUuWcN2qcPo/PzVluN0gB0mt8=
golang.org/x/sys v0.32.0 h1:rgWNHACgxesh/upLUWmj6r1/vGqX0Cs8TQY3PgxmErE=
golang.org/x/sys v0.32.0/go.mod h1:/VUhepiaJMQUp4+oa/7Zr1D23ma6VTLIYjOOTFZPUcA=
gopkg.in/check.v1 v0.0.0-20161208181325-20d25e280405 h1:yhCVgyC4o1eVSbUsdFv/qzXm3t6gnmM6BwGovcQwySs=
gopkg.in/check.v1 v0.0.0-20161208181325-20d25e280405/go.mod h1:Co6ibVJAznAaIkqp8huTwlJQCZ016jof/cbN4VW5Yz0=
gopkg.in/yaml.v3 v3.0.1 h1:fx+8ZHAdIZ2SN8mNN96EYoq7ZQHF9L6LYPSrgY2H0aQ=
gopkg.in/yaml.v3 v3.0.1/go.mod h1:Scv1+TVm2383E9zFZQw50zpR7RYBAN0Tl7cFYJjAU7o=
